{
  "object": {
    "pins": [
      {
        "package": "Core",
        "repositoryURL": "https://github.com/persiogv/Core.git",
        "state": {
          "branch": "master",
          "revision": "b5137180990e33f41d27d3886456fae0a2699c8d",
          "version": null
        }
      },
      {
        "package": "CoreNetworking",
        "repositoryURL": "https://github.com/persiogv/CoreNetworking",
        "state": {
          "branch": null,
          "revision": "a315a85240dede215d73c5c947f4470ef9540e79",
          "version": "1.0.2"
        }
      },
      {
        "package": "CoreSwiftUI",
        "repositoryURL": "https://github.com/persiogv/CoreSwiftUI",
        "state": {
          "branch": "master",
          "revision": "83de3e19889890eeeb24320e30b768cf4cba42c1",
          "version": null
        }
      },
      {
        "package": "CoreUITests",
        "repositoryURL": "https://github.com/persiogv/CoreUITests.git",
        "state": {
          "branch": "master",
          "revision": "d29fb90b2eef3adf8899190470c9db0c3337cc7f",
          "version": null
        }
      },
      {
        "package": "PokeClient",
        "repositoryURL": "https://github.com/persiogv/PokeClient.git",
        "state": {
          "branch": "master",
          "revision": "8aff8ac0cd7154f784dbe104bb1afd8dd23bac91",
          "version": null
        }
      },
      {
        "package": "Swifter",
        "repositoryURL": "https://github.com/httpswift/swifter.git",
        "state": {
          "branch": null,
          "revision": "8b5afb48ae64d4f729f0489ddcfe09c62b9c3687",
          "version": "1.4.7"
        }
      }
    ]
  },
  "version": 1
}
