{
  "object": {
    "pins": [
      {
        "package": "Core",
        "repositoryURL": "https://github.com/persiogv/Core.git",
        "state": {
          "branch": "master",
          "revision": "30a1ab8ad4a031e427f63a5efad55a5fcaae8879",
          "version": null
        }
      },
      {
        "package": "CoreNetworking",
        "repositoryURL": "https://github.com/persiogv/CoreNetworking",
        "state": {
          "branch": null,
          "revision": "4db69140c10dcb01b659c08e722fbc7328e0bd91",
          "version": "1.0.1"
        }
      },
      {
        "package": "CoreSwiftUI",
        "repositoryURL": "https://github.com/persiogv/CoreSwiftUI",
        "state": {
          "branch": "master",
          "revision": "83de3e19889890eeeb24320e30b768cf4cba42c1",
          "version": null
        }
      },
      {
        "package": "PokeClient",
        "repositoryURL": "https://github.com/persiogv/PokeClient.git",
        "state": {
          "branch": "master",
          "revision": "39d2d0bb32a462ec8303e89aa74690c41fa1e955",
          "version": null
        }
      }
    ]
  },
  "version": 1
}
